
Microsoft Visual Studio Solution File, Format Version 12.00
# Visual Studio Version 17
VisualStudioVersion = 17.5.002.0
MinimumVisualStudioVersion = 10.0.40219.1
Project("{2150E333-8FDC-42A3-9474-1A3956D46DE8}") = "Dotnet", "Dotnet", "{4E9BAA83-6479-4A9D-AA10-EAB88C32A3D2}"
EndProject
Project("{9A19103F-16F7-4668-BE54-9A1E7A4F7556}") = "Demo", "Dotnet\ClassicBuilder\Demo.csproj", "{07645EC8-3B23-4029-9828-466186969F13}"
EndProject
Project("{9A19103F-16F7-4668-BE54-9A1E7A4F7556}") = "Demo (1)", "Dotnet\ComplexBuilder\Demo.csproj", "{AC52E771-B6CF-4A5D-8A1B-259955AEBEEC}"
EndProject
Project("{9A19103F-16F7-4668-BE54-9A1E7A4F7556}") = "Demo (2)", "Dotnet\FactoryBuilder\Demo.csproj", "{A2740610-BCFA-41DF-9BC3-D17A84565C50}"
EndProject
Project("{9A19103F-16F7-4668-BE54-9A1E7A4F7556}") = "Demo (3)", "Dotnet\FactoryMultiBuilders\Demo.csproj", "{41C6B8B0-E80A-4975-9312-6F3408FB6D08}"
EndProject
Project("{9A19103F-16F7-4668-BE54-9A1E7A4F7556}") = "Demo (4)", "Dotnet\FluentBuilder\Demo.csproj", "{8F2E43A7-D981-4647-812E-645340AECF54}"
EndProject
Project("{9A19103F-16F7-4668-BE54-9A1E7A4F7556}") = "Demo (5)", "Dotnet\HierarchicalBuilder\Demo.csproj", "{88862A66-ED31-4DEC-B228-82AFE56EBC70}"
EndProject
Project("{9A19103F-16F7-4668-BE54-9A1E7A4F7556}") = "Demo (6)", "Dotnet\ImplicitBuild\Demo.csproj", "{A01E7210-2CB9-42B3-B100-B6F554CD336D}"
EndProject
Project("{9A19103F-16F7-4668-BE54-9A1E7A4F7556}") = "Demo (7)", "Dotnet\NestedBuilder\Demo.csproj", "{48247ADF-A1B4-4732-9CBA-64CA2DE5D443}"
EndProject
Project("{9A19103F-16F7-4668-BE54-9A1E7A4F7556}") = "Demo (8)", "Dotnet\SimplifiedBuilder\Demo.csproj", "{4C24AF4B-0E5D-4331-8FBF-AE582150827E}"
EndProject
Global
	GlobalSection(SolutionConfigurationPlatforms) = preSolution
		Debug|Any CPU = Debug|Any CPU
		Release|Any CPU = Release|Any CPU
	EndGlobalSection
	GlobalSection(ProjectConfigurationPlatforms) = postSolution
		{07645EC8-3B23-4029-9828-466186969F13}.Debug|Any CPU.ActiveCfg = Debug|Any CPU
		{07645EC8-3B23-4029-9828-466186969F13}.Debug|Any CPU.Build.0 = Debug|Any CPU
		{07645EC8-3B23-4029-9828-466186969F13}.Release|Any CPU.ActiveCfg = Release|Any CPU
		{07645EC8-3B23-4029-9828-466186969F13}.Release|Any CPU.Build.0 = Release|Any CPU
		{AC52E771-B6CF-4A5D-8A1B-259955AEBEEC}.Debug|Any CPU.ActiveCfg = Debug|Any CPU
		{AC52E771-B6CF-4A5D-8A1B-259955AEBEEC}.Debug|Any CPU.Build.0 = Debug|Any CPU
		{AC52E771-B6CF-4A5D-8A1B-259955AEBEEC}.Release|Any CPU.ActiveCfg = Release|Any CPU
		{AC52E771-B6CF-4A5D-8A1B-259955AEBEEC}.Release|Any CPU.Build.0 = Release|Any CPU
		{A2740610-BCFA-41DF-9BC3-D17A84565C50}.Debug|Any CPU.ActiveCfg = Debug|Any CPU
		{A2740610-BCFA-41DF-9BC3-D17A84565C50}.Debug|Any CPU.Build.0 = Debug|Any CPU
		{A2740610-BCFA-41DF-9BC3-D17A84565C50}.Release|Any CPU.ActiveCfg = Release|Any CPU
		{A2740610-BCFA-41DF-9BC3-D17A84565C50}.Release|Any CPU.Build.0 = Release|Any CPU
		{41C6B8B0-E80A-4975-9312-6F3408FB6D08}.Debug|Any CPU.ActiveCfg = Debug|Any CPU
		{41C6B8B0-E80A-4975-9312-6F3408FB6D08}.Debug|Any CPU.Build.0 = Debug|Any CPU
		{41C6B8B0-E80A-4975-9312-6F3408FB6D08}.Release|Any CPU.ActiveCfg = Release|Any CPU
		{41C6B8B0-E80A-4975-9312-6F3408FB6D08}.Release|Any CPU.Build.0 = Release|Any CPU
		{8F2E43A7-D981-4647-812E-645340AECF54}.Debug|Any CPU.ActiveCfg = Debug|Any CPU
		{8F2E43A7-D981-4647-812E-645340AECF54}.Debug|Any CPU.Build.0 = Debug|Any CPU
		{8F2E43A7-D981-4647-812E-645340AECF54}.Release|Any CPU.ActiveCfg = Release|Any CPU
		{8F2E43A7-D981-4647-812E-645340AECF54}.Release|Any CPU.Build.0 = Release|Any CPU
		{88862A66-ED31-4DEC-B228-82AFE56EBC70}.Debug|Any CPU.ActiveCfg = Debug|Any CPU
		{88862A66-ED31-4DEC-B228-82AFE56EBC70}.Debug|Any CPU.Build.0 = Debug|Any CPU
		{88862A66-ED31-4DEC-B228-82AFE56EBC70}.Release|Any CPU.ActiveCfg = Release|Any CPU
		{88862A66-ED31-4DEC-B228-82AFE56EBC70}.Release|Any CPU.Build.0 = Release|Any CPU
		{A01E7210-2CB9-42B3-B100-B6F554CD336D}.Debug|Any CPU.ActiveCfg = Debug|Any CPU
		{A01E7210-2CB9-42B3-B100-B6F554CD336D}.Debug|Any CPU.Build.0 = Debug|Any CPU
		{A01E7210-2CB9-42B3-B100-B6F554CD336D}.Release|Any CPU.ActiveCfg = Release|Any CPU
		{A01E7210-2CB9-42B3-B100-B6F554CD336D}.Release|Any CPU.Build.0 = Release|Any CPU
		{48247ADF-A1B4-4732-9CBA-64CA2DE5D443}.Debug|Any CPU.ActiveCfg = Debug|Any CPU
		{48247ADF-A1B4-4732-9CBA-64CA2DE5D443}.Debug|Any CPU.Build.0 = Debug|Any CPU
		{48247ADF-A1B4-4732-9CBA-64CA2DE5D443}.Release|Any CPU.ActiveCfg = Release|Any CPU
		{48247ADF-A1B4-4732-9CBA-64CA2DE5D443}.Release|Any CPU.Build.0 = Release|Any CPU
		{4C24AF4B-0E5D-4331-8FBF-AE582150827E}.Debug|Any CPU.ActiveCfg = Debug|Any CPU
		{4C24AF4B-0E5D-4331-8FBF-AE582150827E}.Debug|Any CPU.Build.0 = Debug|Any CPU
		{4C24AF4B-0E5D-4331-8FBF-AE582150827E}.Release|Any CPU.ActiveCfg = Release|Any CPU
		{4C24AF4B-0E5D-4331-8FBF-AE582150827E}.Release|Any CPU.Build.0 = Release|Any CPU
	EndGlobalSection
	GlobalSection(SolutionProperties) = preSolution
		HideSolutionNode = FALSE
	EndGlobalSection
	GlobalSection(NestedProjects) = preSolution
		{07645EC8-3B23-4029-9828-466186969F13} = {4E9BAA83-6479-4A9D-AA10-EAB88C32A3D2}
		{AC52E771-B6CF-4A5D-8A1B-259955AEBEEC} = {4E9BAA83-6479-4A9D-AA10-EAB88C32A3D2}
		{A2740610-BCFA-41DF-9BC3-D17A84565C50} = {4E9BAA83-6479-4A9D-AA10-EAB88C32A3D2}
		{41C6B8B0-E80A-4975-9312-6F3408FB6D08} = {4E9BAA83-6479-4A9D-AA10-EAB88C32A3D2}
		{8F2E43A7-D981-4647-812E-645340AECF54} = {4E9BAA83-6479-4A9D-AA10-EAB88C32A3D2}
		{88862A66-ED31-4DEC-B228-82AFE56EBC70} = {4E9BAA83-6479-4A9D-AA10-EAB88C32A3D2}
		{A01E7210-2CB9-42B3-B100-B6F554CD336D} = {4E9BAA83-6479-4A9D-AA10-EAB88C32A3D2}
		{48247ADF-A1B4-4732-9CBA-64CA2DE5D443} = {4E9BAA83-6479-4A9D-AA10-EAB88C32A3D2}
		{4C24AF4B-0E5D-4331-8FBF-AE582150827E} = {4E9BAA83-6479-4A9D-AA10-EAB88C32A3D2}
	EndGlobalSection
	GlobalSection(ExtensibilityGlobals) = postSolution
		SolutionGuid = {E41FDCA2-D481-4904-8901-FCEC2D6E6BD9}
	EndGlobalSection
EndGlobal
